
Microsoft Visual Studio Solution File, Format Version 12.00
# Visual Studio Version 16
VisualStudioVersion = 16.0.34931.43
MinimumVisualStudioVersion = 10.0.40219.1
Project("{9A19103F-16F7-4668-BE54-9A1E7A4F7556}") = "ProgramacaoDoZero", "ProgramacaoDoZero\ProgramacaoDoZero.csproj", "{B178C4CD-A486-4871-A580-EEF48B091B32}"
EndProject
Project("{2150E333-8FDC-42A3-9474-1A3956D46DE8}") = "DbScripts", "DbScripts", "{BB6D0A26-8997-499F-A7DD-BD160051D172}"
	ProjectSection(SolutionItems) = preProject
		ScriptsCriacao.sql = ScriptsCriacao.sql
	EndProjectSection
EndProject
Global
	GlobalSection(SolutionConfigurationPlatforms) = preSolution
		Debug|Any CPU = Debug|Any CPU
		Release|Any CPU = Release|Any CPU
	EndGlobalSection
	GlobalSection(ProjectConfigurationPlatforms) = postSolution
		{B178C4CD-A486-4871-A580-EEF48B091B32}.Debug|Any CPU.ActiveCfg = Debug|Any CPU
		{B178C4CD-A486-4871-A580-EEF48B091B32}.Debug|Any CPU.Build.0 = Debug|Any CPU
		{B178C4CD-A486-4871-A580-EEF48B091B32}.Release|Any CPU.ActiveCfg = Release|Any CPU
		{B178C4CD-A486-4871-A580-EEF48B091B32}.Release|Any CPU.Build.0 = Release|Any CPU
	EndGlobalSection
	GlobalSection(SolutionProperties) = preSolution
		HideSolutionNode = FALSE
	EndGlobalSection
	GlobalSection(ExtensibilityGlobals) = postSolution
		SolutionGuid = {A71DFD5E-BC8D-4F9C-B94E-0F66E2EC26B9}
	EndGlobalSection
EndGlobal
